
Microsoft Visual Studio Solution File, Format Version 11.00
# Visual Studio 2010
# SharpDevelop 5.1
Project("{FAE04EC0-301F-11D3-BF4B-00C04F79EFBC}") = "LastFmLib", "LastFmLib\LastFmLib.csproj", "{24C99DF4-5BAB-43A1-B59E-F06FA08A1620}"
EndProject
Global
	GlobalSection(SolutionConfigurationPlatforms) = preSolution
		Debug|Any CPU = Debug|Any CPU
		Release|Any CPU = Release|Any CPU
	EndGlobalSection
	GlobalSection(ProjectConfigurationPlatforms) = postSolution
		{24C99DF4-5BAB-43A1-B59E-F06FA08A1620}.Debug|Any CPU.ActiveCfg = Debug|Any CPU
		{24C99DF4-5BAB-43A1-B59E-F06FA08A1620}.Debug|Any CPU.Build.0 = Debug|Any CPU
		{24C99DF4-5BAB-43A1-B59E-F06FA08A1620}.Release|Any CPU.ActiveCfg = Release|Any CPU
		{24C99DF4-5BAB-43A1-B59E-F06FA08A1620}.Release|Any CPU.Build.0 = Release|Any CPU
	EndGlobalSection
EndGlobal
